
Microsoft Visual Studio Solution File, Format Version 12.00
# Visual Studio Version 17
VisualStudioVersion = 17.6.33815.320
MinimumVisualStudioVersion = 10.0.40219.1
Project("{FAE04EC0-301F-11D3-BF4B-00C04F79EFBC}") = "FlashWish.API", "FlashWish.API\FlashWish.API.csproj", "{F57138AE-D93E-4172-A125-45CD14D32163}"
EndProject
Project("{FAE04EC0-301F-11D3-BF4B-00C04F79EFBC}") = "FlashWish.Core", "FlashWish.Core\FlashWish.Core.csproj", "{5F7B3597-E4D7-49F3-ADAB-D6C90237E475}"
EndProject
Project("{FAE04EC0-301F-11D3-BF4B-00C04F79EFBC}") = "FlashWish.Data", "FlashWish.Data\FlashWish.Data.csproj", "{0D447501-B457-4B6E-955B-B0F7FD5F2D99}"
EndProject
Project("{FAE04EC0-301F-11D3-BF4B-00C04F79EFBC}") = "FlashWish.Service", "FlashWish.Service\FlashWish.Service.csproj", "{A2DDF432-A02A-454E-A4B2-35DD017161F9}"
EndProject
Global
	GlobalSection(SolutionConfigurationPlatforms) = preSolution
		Debug|Any CPU = Debug|Any CPU
		Release|Any CPU = Release|Any CPU
	EndGlobalSection
	GlobalSection(ProjectConfigurationPlatforms) = postSolution
		{F57138AE-D93E-4172-A125-45CD14D32163}.Debug|Any CPU.ActiveCfg = Debug|Any CPU
		{F57138AE-D93E-4172-A125-45CD14D32163}.Debug|Any CPU.Build.0 = Debug|Any CPU
		{F57138AE-D93E-4172-A125-45CD14D32163}.Release|Any CPU.ActiveCfg = Release|Any CPU
		{F57138AE-D93E-4172-A125-45CD14D32163}.Release|Any CPU.Build.0 = Release|Any CPU
		{5F7B3597-E4D7-49F3-ADAB-D6C90237E475}.Debug|Any CPU.ActiveCfg = Debug|Any CPU
		{5F7B3597-E4D7-49F3-ADAB-D6C90237E475}.Debug|Any CPU.Build.0 = Debug|Any CPU
		{5F7B3597-E4D7-49F3-ADAB-D6C90237E475}.Release|Any CPU.ActiveCfg = Release|Any CPU
		{5F7B3597-E4D7-49F3-ADAB-D6C90237E475}.Release|Any CPU.Build.0 = Release|Any CPU
		{0D447501-B457-4B6E-955B-B0F7FD5F2D99}.Debug|Any CPU.ActiveCfg = Debug|Any CPU
		{0D447501-B457-4B6E-955B-B0F7FD5F2D99}.Debug|Any CPU.Build.0 = Debug|Any CPU
		{0D447501-B457-4B6E-955B-B0F7FD5F2D99}.Release|Any CPU.ActiveCfg = Release|Any CPU
		{0D447501-B457-4B6E-955B-B0F7FD5F2D99}.Release|Any CPU.Build.0 = Release|Any CPU
		{A2DDF432-A02A-454E-A4B2-35DD017161F9}.Debug|Any CPU.ActiveCfg = Debug|Any CPU
		{A2DDF432-A02A-454E-A4B2-35DD017161F9}.Debug|Any CPU.Build.0 = Debug|Any CPU
		{A2DDF432-A02A-454E-A4B2-35DD017161F9}.Release|Any CPU.ActiveCfg = Release|Any CPU
		{A2DDF432-A02A-454E-A4B2-35DD017161F9}.Release|Any CPU.Build.0 = Release|Any CPU
	EndGlobalSection
	GlobalSection(SolutionProperties) = preSolution
		HideSolutionNode = FALSE
	EndGlobalSection
	GlobalSection(ExtensibilityGlobals) = postSolution
		SolutionGuid = {BBAB8F6F-A4F7-4F1D-A458-8B6E089EE4D3}
	EndGlobalSection
EndGlobal
